
Microsoft Visual Studio Solution File, Format Version 12.00
# Visual Studio Version 17
VisualStudioVersion = 17.7.34221.43
MinimumVisualStudioVersion = 10.0.40219.1
Project("{FAE04EC0-301F-11D3-BF4B-00C04F79EFBC}") = "MovieApp", "MovieApp\MovieApp.csproj", "{BBEA7A4C-C77C-4C28-A6B0-AC91C1A61E15}"
EndProject
Project("{FAE04EC0-301F-11D3-BF4B-00C04F79EFBC}") = "DatabaseLayer", "DatabaseLayer\DatabaseLayer.csproj", "{FA9DA35A-878E-441A-93EE-E28695DBA3C8}"
EndProject
Project("{FAE04EC0-301F-11D3-BF4B-00C04F79EFBC}") = "DataAccessLayer", "DataAccessLayer\DataAccessLayer.csproj", "{2D012D7A-A776-4E55-908E-57DCE01C5B2E}"
EndProject
Project("{FAE04EC0-301F-11D3-BF4B-00C04F79EFBC}") = "BusinessLayer", "BusinessLayer\BusinessLayer.csproj", "{C9A0B609-9F67-41EF-B93F-2FFB321255D3}"
EndProject
Global
	GlobalSection(SolutionConfigurationPlatforms) = preSolution
		Debug|Any CPU = Debug|Any CPU
		Release|Any CPU = Release|Any CPU
	EndGlobalSection
	GlobalSection(ProjectConfigurationPlatforms) = postSolution
		{BBEA7A4C-C77C-4C28-A6B0-AC91C1A61E15}.Debug|Any CPU.ActiveCfg = Debug|Any CPU
		{BBEA7A4C-C77C-4C28-A6B0-AC91C1A61E15}.Debug|Any CPU.Build.0 = Debug|Any CPU
		{BBEA7A4C-C77C-4C28-A6B0-AC91C1A61E15}.Release|Any CPU.ActiveCfg = Release|Any CPU
		{BBEA7A4C-C77C-4C28-A6B0-AC91C1A61E15}.Release|Any CPU.Build.0 = Release|Any CPU
		{FA9DA35A-878E-441A-93EE-E28695DBA3C8}.Debug|Any CPU.ActiveCfg = Debug|Any CPU
		{FA9DA35A-878E-441A-93EE-E28695DBA3C8}.Debug|Any CPU.Build.0 = Debug|Any CPU
		{FA9DA35A-878E-441A-93EE-E28695DBA3C8}.Release|Any CPU.ActiveCfg = Release|Any CPU
		{FA9DA35A-878E-441A-93EE-E28695DBA3C8}.Release|Any CPU.Build.0 = Release|Any CPU
		{2D012D7A-A776-4E55-908E-57DCE01C5B2E}.Debug|Any CPU.ActiveCfg = Debug|Any CPU
		{2D012D7A-A776-4E55-908E-57DCE01C5B2E}.Debug|Any CPU.Build.0 = Debug|Any CPU
		{2D012D7A-A776-4E55-908E-57DCE01C5B2E}.Release|Any CPU.ActiveCfg = Release|Any CPU
		{2D012D7A-A776-4E55-908E-57DCE01C5B2E}.Release|Any CPU.Build.0 = Release|Any CPU
		{C9A0B609-9F67-41EF-B93F-2FFB321255D3}.Debug|Any CPU.ActiveCfg = Debug|Any CPU
		{C9A0B609-9F67-41EF-B93F-2FFB321255D3}.Debug|Any CPU.Build.0 = Debug|Any CPU
		{C9A0B609-9F67-41EF-B93F-2FFB321255D3}.Release|Any CPU.ActiveCfg = Release|Any CPU
		{C9A0B609-9F67-41EF-B93F-2FFB321255D3}.Release|Any CPU.Build.0 = Release|Any CPU
	EndGlobalSection
	GlobalSection(SolutionProperties) = preSolution
		HideSolutionNode = FALSE
	EndGlobalSection
	GlobalSection(ExtensibilityGlobals) = postSolution
		SolutionGuid = {B5EE48D8-0120-47E0-A2D3-750EC55A1B84}
	EndGlobalSection
EndGlobal
